
Microsoft Visual Studio Solution File, Format Version 11.00
# Visual Studio 2010
Project("{FAE04EC0-301F-11D3-BF4B-00C04F79EFBC}") = "Assembly-CSharp", "Assembly-CSharp.csproj", "{1d288807-9773-fa03-4436-77ead97a55e2}"
EndProject
Project("{FAE04EC0-301F-11D3-BF4B-00C04F79EFBC}") = "Assembly-CSharp-firstpass", "Assembly-CSharp-firstpass.csproj", "{26d30530-5820-f1b0-3841-acc78451dbad}"
EndProject
Project("{FAE04EC0-301F-11D3-BF4B-00C04F79EFBC}") = "Assembly-CSharp-Editor", "Assembly-CSharp-Editor.csproj", "{a3d28c1f-1a88-b447-da0b-b0f9171443d8}"
EndProject
Global
	GlobalSection(SolutionConfigurationPlatforms) = preSolution
		Debug|Any CPU = Debug|Any CPU
	EndGlobalSection
	GlobalSection(ProjectConfigurationPlatforms) = postSolution
		{1d288807-9773-fa03-4436-77ead97a55e2}.Debug|Any CPU.ActiveCfg = Debug|Any CPU
		{1d288807-9773-fa03-4436-77ead97a55e2}.Debug|Any CPU.Build.0 = Debug|Any CPU
		{26d30530-5820-f1b0-3841-acc78451dbad}.Debug|Any CPU.ActiveCfg = Debug|Any CPU
		{26d30530-5820-f1b0-3841-acc78451dbad}.Debug|Any CPU.Build.0 = Debug|Any CPU
		{a3d28c1f-1a88-b447-da0b-b0f9171443d8}.Debug|Any CPU.ActiveCfg = Debug|Any CPU
		{a3d28c1f-1a88-b447-da0b-b0f9171443d8}.Debug|Any CPU.Build.0 = Debug|Any CPU
	EndGlobalSection
	GlobalSection(SolutionProperties) = preSolution
		HideSolutionNode = FALSE
	EndGlobalSection
EndGlobal
